// !$*UTF8*$!
{
	archiveVersion = 1;
	classes = {
	};
	objectVersion = 46;
	objects = {

/* Begin PBXBuildFile section */
		68914F181D291E79007A5C21 /* AppDelegate.swift in Sources */ = {isa = PBXBuildFile; fileRef = 68914F171D291E79007A5C21 /* AppDelegate.swift */; };
		68914F1A1D291E79007A5C21 /* ViewController.swift in Sources */ = {isa = PBXBuildFile; fileRef = 68914F191D291E79007A5C21 /* ViewController.swift */; };
		68914F1D1D291E79007A5C21 /* Main.storyboard in Resources */ = {isa = PBXBuildFile; fileRef = 68914F1B1D291E79007A5C21 /* Main.storyboard */; };
		68914F1F1D291E79007A5C21 /* Assets.xcassets in Resources */ = {isa = PBXBuildFile; fileRef = 68914F1E1D291E79007A5C21 /* Assets.xcassets */; };
		68914F221D291E79007A5C21 /* LaunchScreen.storyboard in Resources */ = {isa = PBXBuildFile; fileRef = 68914F201D291E79007A5C21 /* LaunchScreen.storyboard */; };
		68BE6EB81D2AA460007EF06D /* PhotoCell.swift in Sources */ = {isa = PBXBuildFile; fileRef = 68BE6EB71D2AA460007EF06D /* PhotoCell.swift */; };
		68BE6EBA1D2AA603007EF06D /* PhotoViewController.swift in Sources */ = {isa = PBXBuildFile; fileRef = 68BE6EB91D2AA603007EF06D /* PhotoViewController.swift */; };
/* End PBXBuildFile section */

/* Begin PBXFileReference section */
		68914F141D291E78007A5C21 /* api-test.app */ = {isa = PBXFileReference; explicitFileType = wrapper.application; includeInIndex = 0; path = "api-test.app"; sourceTree = BUILT_PRODUCTS_DIR; };
		68914F171D291E79007A5C21 /* AppDelegate.swift */ = {isa = PBXFileReference; lastKnownFileType = sourcecode.swift; path = AppDelegate.swift; sourceTree = "<group>"; };
		68914F191D291E79007A5C21 /* ViewController.swift */ = {isa = PBXFileReference; lastKnownFileType = sourcecode.swift; path = ViewController.swift; sourceTree = "<group>"; };
		68914F1C1D291E79007A5C21 /* Base */ = {isa = PBXFileReference; lastKnownFileType = file.storyboard; name = Base; path = Base.lproj/Main.storyboard; sourceTree = "<group>"; };
		68914F1E1D291E79007A5C21 /* Assets.xcassets */ = {isa = PBXFileReference; lastKnownFileType = folder.assetcatalog; path = Assets.xcassets; sourceTree = "<group>"; };
		68914F211D291E79007A5C21 /* Base */ = {isa = PBXFileReference; lastKnownFileType = file.storyboard; name = Base; path = Base.lproj/LaunchScreen.storyboard; sourceTree = "<group>"; };
		68914F231D291E79007A5C21 /* Info.plist */ = {isa = PBXFileReference; lastKnownFileType = text.plist.xml; path = Info.plist; sourceTree = "<group>"; };
		68BE6EB71D2AA460007EF06D /* PhotoCell.swift */ = {isa = PBXFileReference; fileEncoding = 4; lastKnownFileType = sourcecode.swift; path = PhotoCell.swift; sourceTree = "<group>"; };
		68BE6EB91D2AA603007EF06D /* PhotoViewController.swift */ = {isa = PBXFileReference; fileEncoding = 4; lastKnownFileType = sourcecode.swift; path = PhotoViewController.swift; sourceTree = "<group>"; };
/* End PBXFileReference section */

/* Begin PBXFrameworksBuildPhase section */
		68914F111D291E78007A5C21 /* Frameworks */ = {
			isa = PBXFrameworksBuildPhase;
			buildActionMask = 2147483647;
			files = (
			);
			runOnlyForDeploymentPostprocessing = 0;
		};
/* End PBXFrameworksBuildPhase section */

/* Begin PBXGroup section */
		68914F0B1D291E78007A5C21 = {
			isa = PBXGroup;
			children = (
				68914F161D291E79007A5C21 /* api-test */,
				68914F151D291E78007A5C21 /* Products */,
			);
			sourceTree = "<group>";
		};
		68914F151D291E78007A5C21 /* Products */ = {
			isa = PBXGroup;
			children = (
				68914F141D291E78007A5C21 /* api-test.app */,
			);
			name = Products;
			sourceTree = "<group>";
		};
		68914F161D291E79007A5C21 /* api-test */ = {
			isa = PBXGroup;
			children = (
				68914F171D291E79007A5C21 /* AppDelegate.swift */,
				68914F191D291E79007A5C21 /* ViewController.swift */,
				68BE6EB71D2AA460007EF06D /* PhotoCell.swift */,
				68BE6EB91D2AA603007EF06D /* PhotoViewController.swift */,
				68914F1B1D291E79007A5C21 /* Main.storyboard */,
				68914F1E1D291E79007A5C21 /* Assets.xcassets */,
				68914F201D291E79007A5C21 /* LaunchScreen.storyboard */,
				68914F231D291E79007A5C21 /* Info.plist */,
			);
			path = "api-test";
			sourceTree = "<group>";
		};
/* End PBXGroup section */

/* Begin PBXNativeTarget section */
		68914F131D291E78007A5C21 /* api-test */ = {
			isa = PBXNativeTarget;
			buildConfigurationList = 68914F261D291E79007A5C21 /* Build configuration list for PBXNativeTarget "api-test" */;
			buildPhases = (
				68914F101D291E78007A5C21 /* Sources */,
				68914F111D291E78007A5C21 /* Frameworks */,
				68914F121D291E78007A5C21 /* Resources */,
			);
			buildRules = (
			);
			dependencies = (
			);
			name = "api-test";
			productName = "api-test";
			productReference = 68914F141D291E78007A5C21 /* api-test.app */;
			productType = "com.apple.product-type.application";
		};
/* End PBXNativeTarget section */

/* Begin PBXProject section */
		68914F0C1D291E78007A5C21 /* Project object */ = {
			isa = PBXProject;
			attributes = {
				LastSwiftUpdateCheck = 0730;
				LastUpgradeCheck = 0730;
				ORGANIZATIONNAME = "Misato Morino";
				TargetAttributes = {
					68914F131D291E78007A5C21 = {
						CreatedOnToolsVersion = 7.3.1;
					};
				};
			};
			buildConfigurationList = 68914F0F1D291E78007A5C21 /* Build configuration list for PBXProject "api-test" */;
			compatibilityVersion = "Xcode 3.2";
			developmentRegion = English;
			hasScannedForEncodings = 0;
			knownRegions = (
				en,
				Base,
			);
			mainGroup = 68914F0B1D291E78007A5C21;
			productRefGroup = 68914F151D291E78007A5C21 /* Products */;
			projectDirPath = "";
			projectRoot = "";
			targets = (
				68914F131D291E78007A5C21 /* api-test */,
			);
		};
/* End PBXProject section */

/* Begin PBXResourcesBuildPhase section */
		68914F121D291E78007A5C21 /* Resources */ = {
			isa = PBXResourcesBuildPhase;
			buildActionMask = 2147483647;
			files = (
				68914F221D291E79007A5C21 /* LaunchScreen.storyboard in Resources */,
				68914F1F1D291E79007A5C21 /* Assets.xcassets in Resources */,
				68914F1D1D291E79007A5C21 /* Main.storyboard in Resources */,
			);
			runOnlyForDeploymentPostprocessing = 0;
		};
/* End PBXResourcesBuildPhase section */

/* Begin PBXSourcesBuildPhase section */
		68914F101D291E78007A5C21 /* Sources */ = {
			isa = PBXSourcesBuildPhase;
			buildActionMask = 2147483647;
			files = (
				68914F1A1D291E79007A5C21 /* ViewController.swift in Sources */,
				68BE6EBA1D2AA603007EF06D /* PhotoViewController.swift in Sources */,
				68BE6EB81D2AA460007EF06D /* PhotoCell.swift in Sources */,
				68914F181D291E79007A5C21 /* AppDelegate.swift in Sources */,
			);
			runOnlyForDeploymentPostprocessing = 0;
		};
/* End PBXSourcesBuildPhase section */

/* Begin PBXVariantGroup section */
		68914F1B1D291E79007A5C21 /* Main.storyboard */ = {
			isa = PBXVariantGroup;
			children = (
				68914F1C1D291E79007A5C21 /* Base */,
			);
			name = Main.storyboard;
			sourceTree = "<group>";
		};
		68914F201D291E79007A5C21 /* LaunchScreen.storyboard */ = {
			isa = PBXVariantGroup;
			children = (
				68914F211D291E79007A5C21 /* Base */,
			);
			name = LaunchScreen.storyboard;
			sourceTree = "<group>";
		};
/* End PBXVariantGroup section */

/* Begin XCBuildConfiguration section */
		68914F241D291E79007A5C21 /* Debug */ = {
			isa = XCBuildConfiguration;
			buildSettings = {
				ALWAYS_SEARCH_USER_PATHS = NO;
				CLANG_ANALYZER_NONNULL = YES;
				CLANG_CXX_LANGUAGE_STANDARD = "gnu++0x";
				CLANG_CXX_LIBRARY = "libc++";
				CLANG_ENABLE_MODULES = YES;
				CLANG_ENABLE_OBJC_ARC = YES;
				CLANG_WARN_BOOL_CONVERSION = YES;
				CLANG_WARN_CONSTANT_CONVERSION = YES;
				CLANG_WARN_DIRECT_OBJC_ISA_USAGE = YES_ERROR;
				CLANG_WARN_EMPTY_BODY = YES;
				CLANG_WARN_ENUM_CONVERSION = YES;
				CLANG_WARN_INT_CONVERSION = YES;
				CLANG_WARN_OBJC_ROOT_CLASS = YES_ERROR;
				CLANG_WARN_UNREACHABLE_CODE = YES;
				CLANG_WARN__DUPLICATE_METHOD_MATCH = YES;
				"CODE_SIGN_IDENTITY[sdk=iphoneos*]" = "iPhone Developer";
				COPY_PHASE_STRIP = NO;
				DEBUG_INFORMATION_FORMAT = dwarf;
				ENABLE_STRICT_OBJC_MSGSEND = YES;
				ENABLE_TESTABILITY = YES;
				GCC_C_LANGUAGE_STANDARD = gnu99;
				GCC_DYNAMIC_NO_PIC = NO;
				GCC_NO_COMMON_BLOCKS = YES;
				GCC_OPTIMIZATION_LEVEL = 0;
				GCC_PREPROCESSOR_DEFINITIONS = (
					"DEBUG=1",
					"$(inherited)",
				);
				GCC_WARN_64_TO_32_BIT_CONVERSION = YES;
				GCC_WARN_ABOUT_RETURN_TYPE = YES_ERROR;
				GCC_WARN_UNDECLARED_SELECTOR = YES;
				GCC_WARN_UNINITIALIZED_AUTOS = YES_AGGRESSIVE;
				GCC_WARN_UNUSED_FUNCTION = YES;
				GCC_WARN_UNUSED_VARIABLE = YES;
				IPHONEOS_DEPLOYMENT_TARGET = 9.3;
				MTL_ENABLE_DEBUG_INFO = YES;
				ONLY_ACTIVE_ARCH = YES;
				SDKROOT = iphoneos;
				SWIFT_OPTIMIZATION_LEVEL = "-Onone";
				TARGETED_DEVICE_FAMILY = "1,2";
			};
			name = Debug;
		};
		68914F251D291E79007A5C21 /* Release */ = {
			isa = XCBuildConfiguration;
			buildSettings = {
				ALWAYS_SEARCH_USER_PATHS = NO;
				CLANG_ANALYZER_NONNULL = YES;
				CLANG_CXX_LANGUAGE_STANDARD = "gnu++0x";
				CLANG_CXX_LIBRARY = "libc++";
				CLANG_ENABLE_MODULES = YES;
				CLANG_ENABLE_OBJC_ARC = YES;
				CLANG_WARN_BOOL_CONVERSION = YES;
				CLANG_WARN_CONSTANT_CONVERSION = YES;
				CLANG_WARN_DIRECT_OBJC_ISA_USAGE = YES_ERROR;
				CLANG_WARN_EMPTY_BODY = YES;
				CLANG_WARN_ENUM_CONVERSION = YES;
				CLANG_WARN_INT_CONVERSION = YES;
				CLANG_WARN_OBJC_ROOT_CLASS = YES_ERROR;
				CLANG_WARN_UNREACHABLE_CODE = YES;
				CLANG_WARN__DUPLICATE_METHOD_MATCH = YES;
				"CODE_SIGN_IDENTITY[sdk=iphoneos*]" = "iPhone Developer";
				COPY_PHASE_STRIP = NO;
				DEBUG_INFORMATION_FORMAT = "dwarf-with-dsym";
				ENABLE_NS_ASSERTIONS = NO;
				ENABLE_STRICT_OBJC_MSGSEND = YES;
				GCC_C_LANGUAGE_STANDARD = gnu99;
				GCC_NO_COMMON_BLOCKS = YES;
				GCC_WARN_64_TO_32_BIT_CONVERSION = YES;
				GCC_WARN_ABOUT_RETURN_TYPE = YES_ERROR;
				GCC_WARN_UNDECLARED_SELECTOR = YES;
				GCC_WARN_UNINITIALIZED_AUTOS = YES_AGGRESSIVE;
				GCC_WARN_UNUSED_FUNCTION = YES;
				GCC_WARN_UNUSED_VARIABLE = YES;
				IPHONEOS_DEPLOYMENT_TARGET = 9.3;
				MTL_ENABLE_DEBUG_INFO = NO;
				SDKROOT = iphoneos;
				TARGETED_DEVICE_FAMILY = "1,2";
				VALIDATE_PRODUCT = YES;
			};
			name = Release;
		};
		68914F271D291E79007A5C21 /* Debug */ = {
			isa = XCBuildConfiguration;
			buildSettings = {
				ASSETCATALOG_COMPILER_APPICON_NAME = AppIcon;
				INFOPLIST_FILE = "api-test/Info.plist";
				IPHONEOS_DEPLOYMENT_TARGET = 9;
				LD_RUNPATH_SEARCH_PATHS = "$(inherited) @executable_path/Frameworks";
				PRODUCT_BUNDLE_IDENTIFIER = "com.morinom.api-test";
				PRODUCT_NAME = "$(TARGET_NAME)";
			};
			name = Debug;
		};
		68914F281D291E79007A5C21 /* Release */ = {
			isa = XCBuildConfiguration;
			buildSettings = {
				ASSETCATALOG_COMPILER_APPICON_NAME = AppIcon;
				INFOPLIST_FILE = "api-test/Info.plist";
				IPHONEOS_DEPLOYMENT_TARGET = 9;
				LD_RUNPATH_SEARCH_PATHS = "$(inherited) @executable_path/Frameworks";
				PRODUCT_BUNDLE_IDENTIFIER = "com.morinom.api-test";
				PRODUCT_NAME = "$(TARGET_NAME)";
			};
			name = Release;
		};
/* End XCBuildConfiguration section */

/* Begin XCConfigurationList section */
		68914F0F1D291E78007A5C21 /* Build configuration list for PBXProject "api-test" */ = {
			isa = XCConfigurationList;
			buildConfigurations = (
				68914F241D291E79007A5C21 /* Debug */,
				68914F251D291E79007A5C21 /* Release */,
			);
			defaultConfigurationIsVisible = 0;
			defaultConfigurationName = Release;
		};
		68914F261D291E79007A5C21 /* Build configuration list for PBXNativeTarget "api-test" */ = {
			isa = XCConfigurationList;
			buildConfigurations = (
				68914F271D291E79007A5C21 /* Debug */,
				68914F281D291E79007A5C21 /* Release */,
			);
			defaultConfigurationIsVisible = 0;
			defaultConfigurationName = Release;
		};
/* End XCConfigurationList section */
	};
	rootObject = 68914F0C1D291E78007A5C21 /* Project object */;
}
